
Microsoft Visual Studio Solution File, Format Version 12.00
# Visual Studio Version 16
VisualStudioVersion = 16.0.32510.428
MinimumVisualStudioVersion = 10.0.40219.1
Project("{FAE04EC0-301F-11D3-BF4B-00C04F79EFBC}") = "FrameworkUIAutomation", "FrameworkUIAutomation\FrameworkUIAutomation.csproj", "{F9231161-167D-4AD8-8198-A613DD041C37}"
EndProject
Project("{FAE04EC0-301F-11D3-BF4B-00C04F79EFBC}") = "FrameworkUITesting", "FrameworkUITesting\FrameworkUITesting.csproj", "{DD3949BD-E730-4409-9584-E99F1E95A925}"
EndProject
Global
	GlobalSection(SolutionConfigurationPlatforms) = preSolution
		Debug|Any CPU = Debug|Any CPU
		Release|Any CPU = Release|Any CPU
	EndGlobalSection
	GlobalSection(ProjectConfigurationPlatforms) = postSolution
		{F9231161-167D-4AD8-8198-A613DD041C37}.Debug|Any CPU.ActiveCfg = Debug|Any CPU
		{F9231161-167D-4AD8-8198-A613DD041C37}.Debug|Any CPU.Build.0 = Debug|Any CPU
		{F9231161-167D-4AD8-8198-A613DD041C37}.Release|Any CPU.ActiveCfg = Release|Any CPU
		{F9231161-167D-4AD8-8198-A613DD041C37}.Release|Any CPU.Build.0 = Release|Any CPU
		{DD3949BD-E730-4409-9584-E99F1E95A925}.Debug|Any CPU.ActiveCfg = Debug|Any CPU
		{DD3949BD-E730-4409-9584-E99F1E95A925}.Debug|Any CPU.Build.0 = Debug|Any CPU
		{DD3949BD-E730-4409-9584-E99F1E95A925}.Release|Any CPU.ActiveCfg = Release|Any CPU
		{DD3949BD-E730-4409-9584-E99F1E95A925}.Release|Any CPU.Build.0 = Release|Any CPU
	EndGlobalSection
	GlobalSection(SolutionProperties) = preSolution
		HideSolutionNode = FALSE
	EndGlobalSection
	GlobalSection(ExtensibilityGlobals) = postSolution
		SolutionGuid = {DC1A4678-9544-49DD-B271-5A711C9DD1E4}
	EndGlobalSection
EndGlobal
